// !$*UTF8*$!
{
	archiveVersion = 1;
	classes = {
	};
	objectVersion = 55;
	objects = {

/* Begin PBXBuildFile section */
		1704209D282134E60041927A /* DataExport.swift in Sources */ = {isa = PBXBuildFile; fileRef = 1704209C282134E60041927A /* DataExport.swift */; };
		170420A2282166440041927A /* UITextFieldAlert.swift in Sources */ = {isa = PBXBuildFile; fileRef = 170420A1282166440041927A /* UITextFieldAlert.swift */; };
		170420A4282284850041927A /* RingSliderView.swift in Sources */ = {isa = PBXBuildFile; fileRef = 170420A3282284850041927A /* RingSliderView.swift */; };
		1719061F2857A4EF002C1F9D /* ActiveButtonView.swift in Sources */ = {isa = PBXBuildFile; fileRef = 1719061E2857A4EF002C1F9D /* ActiveButtonView.swift */; };
		1726B6BB285B62360053BCC0 /* GearRangeView.swift in Sources */ = {isa = PBXBuildFile; fileRef = 1726B6BA285B62360053BCC0 /* GearRangeView.swift */; };
		1729249C285B43FE006EFF6B /* FlapsRangeView.swift in Sources */ = {isa = PBXBuildFile; fileRef = 1729249B285B43FE006EFF6B /* FlapsRangeView.swift */; };
		1729249E285B443A006EFF6B /* ThumbView.swift in Sources */ = {isa = PBXBuildFile; fileRef = 1729249D285B443A006EFF6B /* ThumbView.swift */; };
		172924A0285B59D0006EFF6B /* Enums.swift in Sources */ = {isa = PBXBuildFile; fileRef = 1729249F285B59D0006EFF6B /* Enums.swift */; };
		1733BD0A281FD6E800D05827 /* DateExtension.swift in Sources */ = {isa = PBXBuildFile; fileRef = 1733BD09281FD6E800D05827 /* DateExtension.swift */; };
		175283A227EDF803007BE399 /* TouchPadApp.swift in Sources */ = {isa = PBXBuildFile; fileRef = 175283A127EDF803007BE399 /* TouchPadApp.swift */; };
		175283A427EDF803007BE399 /* ButtonsView.swift in Sources */ = {isa = PBXBuildFile; fileRef = 175283A327EDF803007BE399 /* ButtonsView.swift */; };
		175283A627EDF807007BE399 /* Assets.xcassets in Resources */ = {isa = PBXBuildFile; fileRef = 175283A527EDF807007BE399 /* Assets.xcassets */; };
		175283A927EDF807007BE399 /* Preview Assets.xcassets in Resources */ = {isa = PBXBuildFile; fileRef = 175283A827EDF807007BE399 /* Preview Assets.xcassets */; };
		17555D8F2806FAF9003B61F0 /* SocketNetworkService.swift in Sources */ = {isa = PBXBuildFile; fileRef = 17555D8E2806FAF9003B61F0 /* SocketNetworkService.swift */; };
		17555D91280704DB003B61F0 /* AppearanceViewModel.swift in Sources */ = {isa = PBXBuildFile; fileRef = 17555D90280704DB003B61F0 /* AppearanceViewModel.swift */; };
		17555D93280707C1003B61F0 /* TouchPadModel.swift in Sources */ = {isa = PBXBuildFile; fileRef = 17555D92280707C1003B61F0 /* TouchPadModel.swift */; };
		1768B5A427F708A40046DCFC /* SettingsView.swift in Sources */ = {isa = PBXBuildFile; fileRef = 1768B5A327F708A40046DCFC /* SettingsView.swift */; };
		1768B5A627F709D30046DCFC /* MainView.swift in Sources */ = {isa = PBXBuildFile; fileRef = 1768B5A527F709D30046DCFC /* MainView.swift */; };
		176B2F6E2816CF1C00B583A9 /* SocketNetworkViewModel.swift in Sources */ = {isa = PBXBuildFile; fileRef = 176B2F6D2816CF1C00B583A9 /* SocketNetworkViewModel.swift */; };
		176B2F702818254C00B583A9 /* OffsetModels.swift in Sources */ = {isa = PBXBuildFile; fileRef = 176B2F6F2818254B00B583A9 /* OffsetModels.swift */; };
		177A00AE282009EA00C31937 /* Sliders in Frameworks */ = {isa = PBXBuildFile; productRef = 177A00AD282009EA00C31937 /* Sliders */; };
		178064B12859C0BA00B5A93A /* CocoaMQTT in Frameworks */ = {isa = PBXBuildFile; productRef = 178064B02859C0BA00B5A93A /* CocoaMQTT */; };
		178064B32859C0E500B5A93A /* MQTTNetworkService.swift in Sources */ = {isa = PBXBuildFile; fileRef = 178064B22859C0E400B5A93A /* MQTTNetworkService.swift */; };
		178064B52859DF5B00B5A93A /* MQTTNetworkViewModel.swift in Sources */ = {isa = PBXBuildFile; fileRef = 178064B42859DF5B00B5A93A /* MQTTNetworkViewModel.swift */; };
		178CC90A2828F7D800467DC9 /* HeadingView.swift in Sources */ = {isa = PBXBuildFile; fileRef = 178CC9092828F7D800467DC9 /* HeadingView.swift */; };
		178CC90C2829063900467DC9 /* ColorExtension.swift in Sources */ = {isa = PBXBuildFile; fileRef = 178CC90B2829063900467DC9 /* ColorExtension.swift */; };
		178CC90E2829511000467DC9 /* SpeedRangeView.swift in Sources */ = {isa = PBXBuildFile; fileRef = 178CC90D2829511000467DC9 /* SpeedRangeView.swift */; };
		17AC52B7282BCA0F009CE70E /* AltitudeRangeView.swift in Sources */ = {isa = PBXBuildFile; fileRef = 17AC52B6282BCA0F009CE70E /* AltitudeRangeView.swift */; };
		17B47CCF282AB1BE006A7D26 /* VerticalSliderView.swift in Sources */ = {isa = PBXBuildFile; fileRef = 17B47CCE282AB1BE006A7D26 /* VerticalSliderView.swift */; };
		17F10B0327F38DA7003AB513 /* TapGestureLocation.swift in Sources */ = {isa = PBXBuildFile; fileRef = 17F10B0227F38DA6003AB513 /* TapGestureLocation.swift */; };
/* End PBXBuildFile section */

/* Begin PBXFileReference section */
		1704209C282134E60041927A /* DataExport.swift */ = {isa = PBXFileReference; lastKnownFileType = sourcecode.swift; path = DataExport.swift; sourceTree = "<group>"; };
		170420A0282154D10041927A /* Info.plist */ = {isa = PBXFileReference; lastKnownFileType = text.plist; path = Info.plist; sourceTree = "<group>"; };
		170420A1282166440041927A /* UITextFieldAlert.swift */ = {isa = PBXFileReference; lastKnownFileType = sourcecode.swift; path = UITextFieldAlert.swift; sourceTree = "<group>"; };
		170420A3282284850041927A /* RingSliderView.swift */ = {isa = PBXFileReference; lastKnownFileType = sourcecode.swift; path = RingSliderView.swift; sourceTree = "<group>"; };
		1719061E2857A4EF002C1F9D /* ActiveButtonView.swift */ = {isa = PBXFileReference; lastKnownFileType = sourcecode.swift; path = ActiveButtonView.swift; sourceTree = "<group>"; };
		1726B6BA285B62360053BCC0 /* GearRangeView.swift */ = {isa = PBXFileReference; lastKnownFileType = sourcecode.swift; path = GearRangeView.swift; sourceTree = "<group>"; };
		1729249B285B43FE006EFF6B /* FlapsRangeView.swift */ = {isa = PBXFileReference; lastKnownFileType = sourcecode.swift; path = FlapsRangeView.swift; sourceTree = "<group>"; };
		1729249D285B443A006EFF6B /* ThumbView.swift */ = {isa = PBXFileReference; lastKnownFileType = sourcecode.swift; path = ThumbView.swift; sourceTree = "<group>"; };
		1729249F285B59D0006EFF6B /* Enums.swift */ = {isa = PBXFileReference; lastKnownFileType = sourcecode.swift; path = Enums.swift; sourceTree = "<group>"; };
		1733BD09281FD6E800D05827 /* DateExtension.swift */ = {isa = PBXFileReference; lastKnownFileType = sourcecode.swift; path = DateExtension.swift; sourceTree = "<group>"; };
		1752839E27EDF803007BE399 /* TouchPad.app */ = {isa = PBXFileReference; explicitFileType = wrapper.application; includeInIndex = 0; path = TouchPad.app; sourceTree = BUILT_PRODUCTS_DIR; };
		175283A127EDF803007BE399 /* TouchPadApp.swift */ = {isa = PBXFileReference; lastKnownFileType = sourcecode.swift; path = TouchPadApp.swift; sourceTree = "<group>"; };
		175283A327EDF803007BE399 /* ButtonsView.swift */ = {isa = PBXFileReference; lastKnownFileType = sourcecode.swift; path = ButtonsView.swift; sourceTree = "<group>"; };
		175283A527EDF807007BE399 /* Assets.xcassets */ = {isa = PBXFileReference; lastKnownFileType = folder.assetcatalog; path = Assets.xcassets; sourceTree = "<group>"; };
		175283A827EDF807007BE399 /* Preview Assets.xcassets */ = {isa = PBXFileReference; lastKnownFileType = folder.assetcatalog; path = "Preview Assets.xcassets"; sourceTree = "<group>"; };
		17555D8E2806FAF9003B61F0 /* SocketNetworkService.swift */ = {isa = PBXFileReference; lastKnownFileType = sourcecode.swift; path = SocketNetworkService.swift; sourceTree = "<group>"; };
		17555D90280704DB003B61F0 /* AppearanceViewModel.swift */ = {isa = PBXFileReference; lastKnownFileType = sourcecode.swift; path = AppearanceViewModel.swift; sourceTree = "<group>"; };
		17555D92280707C1003B61F0 /* TouchPadModel.swift */ = {isa = PBXFileReference; lastKnownFileType = sourcecode.swift; path = TouchPadModel.swift; sourceTree = "<group>"; };
		1768B5A327F708A40046DCFC /* SettingsView.swift */ = {isa = PBXFileReference; lastKnownFileType = sourcecode.swift; path = SettingsView.swift; sourceTree = "<group>"; };
		1768B5A527F709D30046DCFC /* MainView.swift */ = {isa = PBXFileReference; lastKnownFileType = sourcecode.swift; path = MainView.swift; sourceTree = "<group>"; };
		176B2F6D2816CF1C00B583A9 /* SocketNetworkViewModel.swift */ = {isa = PBXFileReference; lastKnownFileType = sourcecode.swift; path = SocketNetworkViewModel.swift; sourceTree = "<group>"; };
		176B2F6F2818254B00B583A9 /* OffsetModels.swift */ = {isa = PBXFileReference; lastKnownFileType = sourcecode.swift; path = OffsetModels.swift; sourceTree = "<group>"; };
		177A00AB282009D300C31937 /* swiftui-sliders */ = {isa = PBXFileReference; lastKnownFileType = text; path = "swiftui-sliders"; sourceTree = SOURCE_ROOT; };
		178064B22859C0E400B5A93A /* MQTTNetworkService.swift */ = {isa = PBXFileReference; lastKnownFileType = sourcecode.swift; path = MQTTNetworkService.swift; sourceTree = "<group>"; };
		178064B42859DF5B00B5A93A /* MQTTNetworkViewModel.swift */ = {isa = PBXFileReference; lastKnownFileType = sourcecode.swift; path = MQTTNetworkViewModel.swift; sourceTree = "<group>"; };
		178CC9092828F7D800467DC9 /* HeadingView.swift */ = {isa = PBXFileReference; lastKnownFileType = sourcecode.swift; path = HeadingView.swift; sourceTree = "<group>"; };
		178CC90B2829063900467DC9 /* ColorExtension.swift */ = {isa = PBXFileReference; lastKnownFileType = sourcecode.swift; path = ColorExtension.swift; sourceTree = "<group>"; };
		178CC90D2829511000467DC9 /* SpeedRangeView.swift */ = {isa = PBXFileReference; lastKnownFileType = sourcecode.swift; path = SpeedRangeView.swift; sourceTree = "<group>"; };
		17AC52B6282BCA0F009CE70E /* AltitudeRangeView.swift */ = {isa = PBXFileReference; lastKnownFileType = sourcecode.swift; path = AltitudeRangeView.swift; sourceTree = "<group>"; };
		17B47CCE282AB1BE006A7D26 /* VerticalSliderView.swift */ = {isa = PBXFileReference; lastKnownFileType = sourcecode.swift; path = VerticalSliderView.swift; sourceTree = "<group>"; };
		17F10B0227F38DA6003AB513 /* TapGestureLocation.swift */ = {isa = PBXFileReference; lastKnownFileType = sourcecode.swift; path = TapGestureLocation.swift; sourceTree = "<group>"; };
/* End PBXFileReference section */

/* Begin PBXFrameworksBuildPhase section */
		1752839B27EDF803007BE399 /* Frameworks */ = {
			isa = PBXFrameworksBuildPhase;
			buildActionMask = 2147483647;
			files = (
				178064B12859C0BA00B5A93A /* CocoaMQTT in Frameworks */,
				177A00AE282009EA00C31937 /* Sliders in Frameworks */,
			);
			runOnlyForDeploymentPostprocessing = 0;
		};
/* End PBXFrameworksBuildPhase section */

/* Begin PBXGroup section */
		1752839527EDF803007BE399 = {
			isa = PBXGroup;
			children = (
				175283A027EDF803007BE399 /* TouchPad */,
				1752839F27EDF803007BE399 /* Products */,
				177A00AC282009EA00C31937 /* Frameworks */,
			);
			sourceTree = "<group>";
		};
		1752839F27EDF803007BE399 /* Products */ = {
			isa = PBXGroup;
			children = (
				1752839E27EDF803007BE399 /* TouchPad.app */,
			);
			name = Products;
			sourceTree = "<group>";
		};
		175283A027EDF803007BE399 /* TouchPad */ = {
			isa = PBXGroup;
			children = (
				170420A0282154D10041927A /* Info.plist */,
				175283A127EDF803007BE399 /* TouchPadApp.swift */,
				178CC9062828F42500467DC9 /* Views */,
				178CC9072828F45600467DC9 /* ViewModels */,
				178CC9082828F46B00467DC9 /* Models */,
				175283A527EDF807007BE399 /* Assets.xcassets */,
				177A00AB282009D300C31937 /* swiftui-sliders */,
				175283A727EDF807007BE399 /* Preview Content */,
			);
			path = TouchPad;
			sourceTree = "<group>";
		};
		175283A727EDF807007BE399 /* Preview Content */ = {
			isa = PBXGroup;
			children = (
				175283A827EDF807007BE399 /* Preview Assets.xcassets */,
			);
			path = "Preview Content";
			sourceTree = "<group>";
		};
		177A00AC282009EA00C31937 /* Frameworks */ = {
			isa = PBXGroup;
			children = (
			);
			name = Frameworks;
			sourceTree = "<group>";
		};
		178CC9062828F42500467DC9 /* Views */ = {
			isa = PBXGroup;
			children = (
				1768B5A527F709D30046DCFC /* MainView.swift */,
				1719061E2857A4EF002C1F9D /* ActiveButtonView.swift */,
				175283A327EDF803007BE399 /* ButtonsView.swift */,
				1768B5A327F708A40046DCFC /* SettingsView.swift */,
				17F2AD39284790790094EA16 /* SliderViews */,
				170420A1282166440041927A /* UITextFieldAlert.swift */,
				17F10B0227F38DA6003AB513 /* TapGestureLocation.swift */,
			);
			path = Views;
			sourceTree = "<group>";
		};
		178CC9072828F45600467DC9 /* ViewModels */ = {
			isa = PBXGroup;
			children = (
				17555D90280704DB003B61F0 /* AppearanceViewModel.swift */,
				176B2F6D2816CF1C00B583A9 /* SocketNetworkViewModel.swift */,
				178064B42859DF5B00B5A93A /* MQTTNetworkViewModel.swift */,
			);
			path = ViewModels;
			sourceTree = "<group>";
		};
		178CC9082828F46B00467DC9 /* Models */ = {
			isa = PBXGroup;
			children = (
				1729249F285B59D0006EFF6B /* Enums.swift */,
				176B2F6F2818254B00B583A9 /* OffsetModels.swift */,
				17555D92280707C1003B61F0 /* TouchPadModel.swift */,
				17555D8E2806FAF9003B61F0 /* SocketNetworkService.swift */,
				178064B22859C0E400B5A93A /* MQTTNetworkService.swift */,
				1704209C282134E60041927A /* DataExport.swift */,
				1733BD09281FD6E800D05827 /* DateExtension.swift */,
				178CC90B2829063900467DC9 /* ColorExtension.swift */,
			);
			path = Models;
			sourceTree = "<group>";
		};
		17F2AD39284790790094EA16 /* SliderViews */ = {
			isa = PBXGroup;
			children = (
				17B47CCE282AB1BE006A7D26 /* VerticalSliderView.swift */,
				178CC90D2829511000467DC9 /* SpeedRangeView.swift */,
				17AC52B6282BCA0F009CE70E /* AltitudeRangeView.swift */,
				1729249B285B43FE006EFF6B /* FlapsRangeView.swift */,
				1726B6BA285B62360053BCC0 /* GearRangeView.swift */,
				1729249D285B443A006EFF6B /* ThumbView.swift */,
				178CC9092828F7D800467DC9 /* HeadingView.swift */,
				170420A3282284850041927A /* RingSliderView.swift */,
			);
			path = SliderViews;
			sourceTree = "<group>";
		};
/* End PBXGroup section */

/* Begin PBXNativeTarget section */
		1752839D27EDF803007BE399 /* TouchPad */ = {
			isa = PBXNativeTarget;
			buildConfigurationList = 175283AC27EDF807007BE399 /* Build configuration list for PBXNativeTarget "TouchPad" */;
			buildPhases = (
				1752839A27EDF803007BE399 /* Sources */,
				1752839B27EDF803007BE399 /* Frameworks */,
				1752839C27EDF803007BE399 /* Resources */,
			);
			buildRules = (
			);
			dependencies = (
			);
			name = TouchPad;
			packageProductDependencies = (
				177A00AD282009EA00C31937 /* Sliders */,
				178064B02859C0BA00B5A93A /* CocoaMQTT */,
			);
			productName = TouchPad;
			productReference = 1752839E27EDF803007BE399 /* TouchPad.app */;
			productType = "com.apple.product-type.application";
		};
/* End PBXNativeTarget section */

/* Begin PBXProject section */
		1752839627EDF803007BE399 /* Project object */ = {
			isa = PBXProject;
			attributes = {
				BuildIndependentTargetsInParallel = 1;
				LastSwiftUpdateCheck = 1330;
				LastUpgradeCheck = 1330;
				TargetAttributes = {
					1752839D27EDF803007BE399 = {
						CreatedOnToolsVersion = 13.3;
					};
				};
			};
			buildConfigurationList = 1752839927EDF803007BE399 /* Build configuration list for PBXProject "TouchPad" */;
			compatibilityVersion = "Xcode 13.0";
			developmentRegion = en;
			hasScannedForEncodings = 0;
			knownRegions = (
				en,
				Base,
			);
			mainGroup = 1752839527EDF803007BE399;
			packageReferences = (
				178064AF2859C0BA00B5A93A /* XCRemoteSwiftPackageReference "CocoaMQTT" */,
			);
			productRefGroup = 1752839F27EDF803007BE399 /* Products */;
			projectDirPath = "";
			projectRoot = "";
			targets = (
				1752839D27EDF803007BE399 /* TouchPad */,
			);
		};
/* End PBXProject section */

/* Begin PBXResourcesBuildPhase section */
		1752839C27EDF803007BE399 /* Resources */ = {
			isa = PBXResourcesBuildPhase;
			buildActionMask = 2147483647;
			files = (
				175283A927EDF807007BE399 /* Preview Assets.xcassets in Resources */,
				175283A627EDF807007BE399 /* Assets.xcassets in Resources */,
			);
			runOnlyForDeploymentPostprocessing = 0;
		};
/* End PBXResourcesBuildPhase section */

/* Begin PBXSourcesBuildPhase section */
		1752839A27EDF803007BE399 /* Sources */ = {
			isa = PBXSourcesBuildPhase;
			buildActionMask = 2147483647;
			files = (
				175283A427EDF803007BE399 /* ButtonsView.swift in Sources */,
				1726B6BB285B62360053BCC0 /* GearRangeView.swift in Sources */,
				1768B5A427F708A40046DCFC /* SettingsView.swift in Sources */,
				172924A0285B59D0006EFF6B /* Enums.swift in Sources */,
				176B2F702818254C00B583A9 /* OffsetModels.swift in Sources */,
				1729249C285B43FE006EFF6B /* FlapsRangeView.swift in Sources */,
				17555D8F2806FAF9003B61F0 /* SocketNetworkService.swift in Sources */,
				170420A2282166440041927A /* UITextFieldAlert.swift in Sources */,
				178CC90E2829511000467DC9 /* SpeedRangeView.swift in Sources */,
				17555D91280704DB003B61F0 /* AppearanceViewModel.swift in Sources */,
				1733BD0A281FD6E800D05827 /* DateExtension.swift in Sources */,
				1719061F2857A4EF002C1F9D /* ActiveButtonView.swift in Sources */,
				178CC90A2828F7D800467DC9 /* HeadingView.swift in Sources */,
				1704209D282134E60041927A /* DataExport.swift in Sources */,
				17F10B0327F38DA7003AB513 /* TapGestureLocation.swift in Sources */,
				176B2F6E2816CF1C00B583A9 /* SocketNetworkViewModel.swift in Sources */,
				178CC90C2829063900467DC9 /* ColorExtension.swift in Sources */,
				1768B5A627F709D30046DCFC /* MainView.swift in Sources */,
				178064B52859DF5B00B5A93A /* MQTTNetworkViewModel.swift in Sources */,
				1729249E285B443A006EFF6B /* ThumbView.swift in Sources */,
				175283A227EDF803007BE399 /* TouchPadApp.swift in Sources */,
				17B47CCF282AB1BE006A7D26 /* VerticalSliderView.swift in Sources */,
				170420A4282284850041927A /* RingSliderView.swift in Sources */,
				178064B32859C0E500B5A93A /* MQTTNetworkService.swift in Sources */,
				17AC52B7282BCA0F009CE70E /* AltitudeRangeView.swift in Sources */,
				17555D93280707C1003B61F0 /* TouchPadModel.swift in Sources */,
			);
			runOnlyForDeploymentPostprocessing = 0;
		};
/* End PBXSourcesBuildPhase section */

/* Begin XCBuildConfiguration section */
		175283AA27EDF807007BE399 /* Debug */ = {
			isa = XCBuildConfiguration;
			buildSettings = {
				ALWAYS_SEARCH_USER_PATHS = NO;
				CLANG_ANALYZER_NONNULL = YES;
				CLANG_ANALYZER_NUMBER_OBJECT_CONVERSION = YES_AGGRESSIVE;
				CLANG_CXX_LANGUAGE_STANDARD = "gnu++17";
				CLANG_ENABLE_MODULES = YES;
				CLANG_ENABLE_OBJC_ARC = YES;
				CLANG_ENABLE_OBJC_WEAK = YES;
				CLANG_WARN_BLOCK_CAPTURE_AUTORELEASING = YES;
				CLANG_WARN_BOOL_CONVERSION = YES;
				CLANG_WARN_COMMA = YES;
				CLANG_WARN_CONSTANT_CONVERSION = YES;
				CLANG_WARN_DEPRECATED_OBJC_IMPLEMENTATIONS = YES;
				CLANG_WARN_DIRECT_OBJC_ISA_USAGE = YES_ERROR;
				CLANG_WARN_DOCUMENTATION_COMMENTS = YES;
				CLANG_WARN_EMPTY_BODY = YES;
				CLANG_WARN_ENUM_CONVERSION = YES;
				CLANG_WARN_INFINITE_RECURSION = YES;
				CLANG_WARN_INT_CONVERSION = YES;
				CLANG_WARN_NON_LITERAL_NULL_CONVERSION = YES;
				CLANG_WARN_OBJC_IMPLICIT_RETAIN_SELF = YES;
				CLANG_WARN_OBJC_LITERAL_CONVERSION = YES;
				CLANG_WARN_OBJC_ROOT_CLASS = YES_ERROR;
				CLANG_WARN_QUOTED_INCLUDE_IN_FRAMEWORK_HEADER = YES;
				CLANG_WARN_RANGE_LOOP_ANALYSIS = YES;
				CLANG_WARN_STRICT_PROTOTYPES = YES;
				CLANG_WARN_SUSPICIOUS_MOVE = YES;
				CLANG_WARN_UNGUARDED_AVAILABILITY = YES_AGGRESSIVE;
				CLANG_WARN_UNREACHABLE_CODE = YES;
				CLANG_WARN__DUPLICATE_METHOD_MATCH = YES;
				COPY_PHASE_STRIP = NO;
				DEBUG_INFORMATION_FORMAT = dwarf;
				ENABLE_STRICT_OBJC_MSGSEND = YES;
				ENABLE_TESTABILITY = YES;
				GCC_C_LANGUAGE_STANDARD = gnu11;
				GCC_DYNAMIC_NO_PIC = NO;
				GCC_NO_COMMON_BLOCKS = YES;
				GCC_OPTIMIZATION_LEVEL = 0;
				GCC_PREPROCESSOR_DEFINITIONS = (
					"DEBUG=1",
					"$(inherited)",
				);
				GCC_WARN_64_TO_32_BIT_CONVERSION = YES;
				GCC_WARN_ABOUT_RETURN_TYPE = YES_ERROR;
				GCC_WARN_UNDECLARED_SELECTOR = YES;
				GCC_WARN_UNINITIALIZED_AUTOS = YES_AGGRESSIVE;
				GCC_WARN_UNUSED_FUNCTION = YES;
				GCC_WARN_UNUSED_VARIABLE = YES;
				IPHONEOS_DEPLOYMENT_TARGET = 15.4;
				MTL_ENABLE_DEBUG_INFO = INCLUDE_SOURCE;
				MTL_FAST_MATH = YES;
				ONLY_ACTIVE_ARCH = YES;
				SDKROOT = iphoneos;
				SWIFT_ACTIVE_COMPILATION_CONDITIONS = DEBUG;
				SWIFT_OPTIMIZATION_LEVEL = "-Onone";
			};
			name = Debug;
		};
		175283AB27EDF807007BE399 /* Release */ = {
			isa = XCBuildConfiguration;
			buildSettings = {
				ALWAYS_SEARCH_USER_PATHS = NO;
				CLANG_ANALYZER_NONNULL = YES;
				CLANG_ANALYZER_NUMBER_OBJECT_CONVERSION = YES_AGGRESSIVE;
				CLANG_CXX_LANGUAGE_STANDARD = "gnu++17";
				CLANG_ENABLE_MODULES = YES;
				CLANG_ENABLE_OBJC_ARC = YES;
				CLANG_ENABLE_OBJC_WEAK = YES;
				CLANG_WARN_BLOCK_CAPTURE_AUTORELEASING = YES;
				CLANG_WARN_BOOL_CONVERSION = YES;
				CLANG_WARN_COMMA = YES;
				CLANG_WARN_CONSTANT_CONVERSION = YES;
				CLANG_WARN_DEPRECATED_OBJC_IMPLEMENTATIONS = YES;
				CLANG_WARN_DIRECT_OBJC_ISA_USAGE = YES_ERROR;
				CLANG_WARN_DOCUMENTATION_COMMENTS = YES;
				CLANG_WARN_EMPTY_BODY = YES;
				CLANG_WARN_ENUM_CONVERSION = YES;
				CLANG_WARN_INFINITE_RECURSION = YES;
				CLANG_WARN_INT_CONVERSION = YES;
				CLANG_WARN_NON_LITERAL_NULL_CONVERSION = YES;
				CLANG_WARN_OBJC_IMPLICIT_RETAIN_SELF = YES;
				CLANG_WARN_OBJC_LITERAL_CONVERSION = YES;
				CLANG_WARN_OBJC_ROOT_CLASS = YES_ERROR;
				CLANG_WARN_QUOTED_INCLUDE_IN_FRAMEWORK_HEADER = YES;
				CLANG_WARN_RANGE_LOOP_ANALYSIS = YES;
				CLANG_WARN_STRICT_PROTOTYPES = YES;
				CLANG_WARN_SUSPICIOUS_MOVE = YES;
				CLANG_WARN_UNGUARDED_AVAILABILITY = YES_AGGRESSIVE;
				CLANG_WARN_UNREACHABLE_CODE = YES;
				CLANG_WARN__DUPLICATE_METHOD_MATCH = YES;
				COPY_PHASE_STRIP = NO;
				DEBUG_INFORMATION_FORMAT = "dwarf-with-dsym";
				ENABLE_NS_ASSERTIONS = NO;
				ENABLE_STRICT_OBJC_MSGSEND = YES;
				GCC_C_LANGUAGE_STANDARD = gnu11;
				GCC_NO_COMMON_BLOCKS = YES;
				GCC_WARN_64_TO_32_BIT_CONVERSION = YES;
				GCC_WARN_ABOUT_RETURN_TYPE = YES_ERROR;
				GCC_WARN_UNDECLARED_SELECTOR = YES;
				GCC_WARN_UNINITIALIZED_AUTOS = YES_AGGRESSIVE;
				GCC_WARN_UNUSED_FUNCTION = YES;
				GCC_WARN_UNUSED_VARIABLE = YES;
				IPHONEOS_DEPLOYMENT_TARGET = 15.4;
				MTL_ENABLE_DEBUG_INFO = NO;
				MTL_FAST_MATH = YES;
				SDKROOT = iphoneos;
				SWIFT_COMPILATION_MODE = wholemodule;
				SWIFT_OPTIMIZATION_LEVEL = "-O";
				VALIDATE_PRODUCT = YES;
			};
			name = Release;
		};
		175283AD27EDF807007BE399 /* Debug */ = {
			isa = XCBuildConfiguration;
			buildSettings = {
				ASSETCATALOG_COMPILER_APPICON_NAME = AppIcon;
				ASSETCATALOG_COMPILER_GLOBAL_ACCENT_COLOR_NAME = AccentColor;
				CODE_SIGN_STYLE = Automatic;
				CURRENT_PROJECT_VERSION = 1;
				DEVELOPMENT_ASSET_PATHS = "\"TouchPad/Preview Content\"";
				DEVELOPMENT_TEAM = LTC2Q574RM;
				ENABLE_PREVIEWS = YES;
				GENERATE_INFOPLIST_FILE = YES;
				INFOPLIST_FILE = TouchPad/Info.plist;
				INFOPLIST_KEY_LSSupportsOpeningDocumentsInPlace = YES;
				INFOPLIST_KEY_UIApplicationSceneManifest_Generation = YES;
				INFOPLIST_KEY_UIApplicationSupportsIndirectInputEvents = YES;
				INFOPLIST_KEY_UILaunchScreen_Generation = YES;
				INFOPLIST_KEY_UIRequiresFullScreen = YES;
				INFOPLIST_KEY_UIStatusBarHidden = YES;
				INFOPLIST_KEY_UISupportedInterfaceOrientations = "UIInterfaceOrientationLandscapeLeft UIInterfaceOrientationLandscapeRight";
				INFOPLIST_KEY_UISupportedInterfaceOrientations_iPad = "UIInterfaceOrientationLandscapeLeft UIInterfaceOrientationLandscapeRight";
				INFOPLIST_KEY_UISupportedInterfaceOrientations_iPhone = "UIInterfaceOrientationPortrait UIInterfaceOrientationLandscapeLeft UIInterfaceOrientationLandscapeRight";
				IPHONEOS_DEPLOYMENT_TARGET = 15.3;
				LD_RUNPATH_SEARCH_PATHS = (
					"$(inherited)",
					"@executable_path/Frameworks",
				);
				MARKETING_VERSION = 1.0;
				PRODUCT_BUNDLE_IDENTIFIER = de.philipphemkemeyer.TouchPad;
				PRODUCT_NAME = "$(TARGET_NAME)";
				SWIFT_EMIT_LOC_STRINGS = YES;
				SWIFT_VERSION = 5.0;
				TARGETED_DEVICE_FAMILY = 2;
			};
			name = Debug;
		};
		175283AE27EDF807007BE399 /* Release */ = {
			isa = XCBuildConfiguration;
			buildSettings = {
				ASSETCATALOG_COMPILER_APPICON_NAME = AppIcon;
				ASSETCATALOG_COMPILER_GLOBAL_ACCENT_COLOR_NAME = AccentColor;
				CODE_SIGN_STYLE = Automatic;
				CURRENT_PROJECT_VERSION = 1;
				DEVELOPMENT_ASSET_PATHS = "\"TouchPad/Preview Content\"";
				DEVELOPMENT_TEAM = LTC2Q574RM;
				ENABLE_PREVIEWS = YES;
				GENERATE_INFOPLIST_FILE = YES;
				INFOPLIST_FILE = TouchPad/Info.plist;
				INFOPLIST_KEY_LSSupportsOpeningDocumentsInPlace = YES;
				INFOPLIST_KEY_UIApplicationSceneManifest_Generation = YES;
				INFOPLIST_KEY_UIApplicationSupportsIndirectInputEvents = YES;
				INFOPLIST_KEY_UILaunchScreen_Generation = YES;
				INFOPLIST_KEY_UIRequiresFullScreen = YES;
				INFOPLIST_KEY_UIStatusBarHidden = YES;
				INFOPLIST_KEY_UISupportedInterfaceOrientations = "UIInterfaceOrientationLandscapeLeft UIInterfaceOrientationLandscapeRight";
				INFOPLIST_KEY_UISupportedInterfaceOrientations_iPad = "UIInterfaceOrientationLandscapeLeft UIInterfaceOrientationLandscapeRight";
				INFOPLIST_KEY_UISupportedInterfaceOrientations_iPhone = "UIInterfaceOrientationPortrait UIInterfaceOrientationLandscapeLeft UIInterfaceOrientationLandscapeRight";
				IPHONEOS_DEPLOYMENT_TARGET = 15.3;
				LD_RUNPATH_SEARCH_PATHS = (
					"$(inherited)",
					"@executable_path/Frameworks",
				);
				MARKETING_VERSION = 1.0;
				PRODUCT_BUNDLE_IDENTIFIER = de.philipphemkemeyer.TouchPad;
				PRODUCT_NAME = "$(TARGET_NAME)";
				SWIFT_EMIT_LOC_STRINGS = YES;
				SWIFT_VERSION = 5.0;
				TARGETED_DEVICE_FAMILY = 2;
			};
			name = Release;
		};
/* End XCBuildConfiguration section */

/* Begin XCConfigurationList section */
		1752839927EDF803007BE399 /* Build configuration list for PBXProject "TouchPad" */ = {
			isa = XCConfigurationList;
			buildConfigurations = (
				175283AA27EDF807007BE399 /* Debug */,
				175283AB27EDF807007BE399 /* Release */,
			);
			defaultConfigurationIsVisible = 0;
			defaultConfigurationName = Release;
		};
		175283AC27EDF807007BE399 /* Build configuration list for PBXNativeTarget "TouchPad" */ = {
			isa = XCConfigurationList;
			buildConfigurations = (
				175283AD27EDF807007BE399 /* Debug */,
				175283AE27EDF807007BE399 /* Release */,
			);
			defaultConfigurationIsVisible = 0;
			defaultConfigurationName = Release;
		};
/* End XCConfigurationList section */

/* Begin XCRemoteSwiftPackageReference section */
		178064AF2859C0BA00B5A93A /* XCRemoteSwiftPackageReference "CocoaMQTT" */ = {
			isa = XCRemoteSwiftPackageReference;
			repositoryURL = "https://github.com/emqx/CocoaMQTT";
			requirement = {
				kind = upToNextMajorVersion;
				minimumVersion = 2.0.0;
			};
		};
/* End XCRemoteSwiftPackageReference section */

/* Begin XCSwiftPackageProductDependency section */
		177A00AD282009EA00C31937 /* Sliders */ = {
			isa = XCSwiftPackageProductDependency;
			productName = Sliders;
		};
		178064B02859C0BA00B5A93A /* CocoaMQTT */ = {
			isa = XCSwiftPackageProductDependency;
			package = 178064AF2859C0BA00B5A93A /* XCRemoteSwiftPackageReference "CocoaMQTT" */;
			productName = CocoaMQTT;
		};
/* End XCSwiftPackageProductDependency section */
	};
	rootObject = 1752839627EDF803007BE399 /* Project object */;
}
